
Microsoft Visual Studio Solution File, Format Version 12.00
# Visual Studio Version 17
VisualStudioVersion = 17.6.33801.468
MinimumVisualStudioVersion = 10.0.40219.1
Project("{FAE04EC0-301F-11D3-BF4B-00C04F79EFBC}") = "uvodni_strana", "uvodni_strana.csproj", "{6816828E-378B-4C3C-9E59-E998C2E41FFC}"
EndProject
Global
	GlobalSection(SolutionConfigurationPlatforms) = preSolution
		Debug|Any CPU = Debug|Any CPU
		Release|Any CPU = Release|Any CPU
	EndGlobalSection
	GlobalSection(ProjectConfigurationPlatforms) = postSolution
		{6816828E-378B-4C3C-9E59-E998C2E41FFC}.Debug|Any CPU.ActiveCfg = Debug|Any CPU
		{6816828E-378B-4C3C-9E59-E998C2E41FFC}.Debug|Any CPU.Build.0 = Debug|Any CPU
		{6816828E-378B-4C3C-9E59-E998C2E41FFC}.Release|Any CPU.ActiveCfg = Release|Any CPU
		{6816828E-378B-4C3C-9E59-E998C2E41FFC}.Release|Any CPU.Build.0 = Release|Any CPU
	EndGlobalSection
	GlobalSection(SolutionProperties) = preSolution
		HideSolutionNode = FALSE
	EndGlobalSection
	GlobalSection(ExtensibilityGlobals) = postSolution
		SolutionGuid = {17E7EC93-ACE7-4F50-A0DC-BFDF6F54FC6A}
	EndGlobalSection
EndGlobal
